
Microsoft Visual Studio Solution File, Format Version 12.00
# Visual Studio 15
VisualStudioVersion = 15.0.28307.168
MinimumVisualStudioVersion = 10.0.40219.1
Project("{9A19103F-16F7-4668-BE54-9A1E7A4F7556}") = "Benchmarks.CSharp", "Source\Benchmarks.CSharp\Benchmarks.CSharp.csproj", "{B33EDB13-2DBC-4BB0-8AE5-05F5EF2FC741}"
EndProject
Global
	GlobalSection(SolutionConfigurationPlatforms) = preSolution
		Debug|Any CPU = Debug|Any CPU
		Release|Any CPU = Release|Any CPU
	EndGlobalSection
	GlobalSection(ProjectConfigurationPlatforms) = postSolution
		{B33EDB13-2DBC-4BB0-8AE5-05F5EF2FC741}.Debug|Any CPU.ActiveCfg = Debug|Any CPU
		{B33EDB13-2DBC-4BB0-8AE5-05F5EF2FC741}.Debug|Any CPU.Build.0 = Debug|Any CPU
		{B33EDB13-2DBC-4BB0-8AE5-05F5EF2FC741}.Release|Any CPU.ActiveCfg = Release|Any CPU
		{B33EDB13-2DBC-4BB0-8AE5-05F5EF2FC741}.Release|Any CPU.Build.0 = Release|Any CPU
	EndGlobalSection
	GlobalSection(SolutionProperties) = preSolution
		HideSolutionNode = FALSE
	EndGlobalSection
	GlobalSection(ExtensibilityGlobals) = postSolution
		SolutionGuid = {C13D52CA-41FB-4C83-8AA5-BDD7BF4A4688}
	EndGlobalSection
EndGlobal
